
Microsoft Visual Studio Solution File, Format Version 12.00
# Visual Studio Version 17
VisualStudioVersion = 17.13.35931.197 d17.13
MinimumVisualStudioVersion = 10.0.40219.1
Project("{FAE04EC0-301F-11D3-BF4B-00C04F79EFBC}") = "fnGeradorBoletos", "fnGeradorBoletos\fnGeradorBoletos.csproj", "{FD65B5F7-D0EF-4561-97DC-AF9484687F00}"
EndProject
Project("{FAE04EC0-301F-11D3-BF4B-00C04F79EFBC}") = "fnValidaBoleto", "fnValidaBoleto\fnValidaBoleto.csproj", "{A843B868-E462-41BB-912F-13A5BB3FD599}"
EndProject
Global
	GlobalSection(SolutionConfigurationPlatforms) = preSolution
		Debug|Any CPU = Debug|Any CPU
		Release|Any CPU = Release|Any CPU
	EndGlobalSection
	GlobalSection(ProjectConfigurationPlatforms) = postSolution
		{FD65B5F7-D0EF-4561-97DC-AF9484687F00}.Debug|Any CPU.ActiveCfg = Debug|Any CPU
		{FD65B5F7-D0EF-4561-97DC-AF9484687F00}.Debug|Any CPU.Build.0 = Debug|Any CPU
		{FD65B5F7-D0EF-4561-97DC-AF9484687F00}.Release|Any CPU.ActiveCfg = Release|Any CPU
		{FD65B5F7-D0EF-4561-97DC-AF9484687F00}.Release|Any CPU.Build.0 = Release|Any CPU
		{A843B868-E462-41BB-912F-13A5BB3FD599}.Debug|Any CPU.ActiveCfg = Debug|Any CPU
		{A843B868-E462-41BB-912F-13A5BB3FD599}.Debug|Any CPU.Build.0 = Debug|Any CPU
		{A843B868-E462-41BB-912F-13A5BB3FD599}.Release|Any CPU.ActiveCfg = Release|Any CPU
		{A843B868-E462-41BB-912F-13A5BB3FD599}.Release|Any CPU.Build.0 = Release|Any CPU
	EndGlobalSection
	GlobalSection(SolutionProperties) = preSolution
		HideSolutionNode = FALSE
	EndGlobalSection
	GlobalSection(ExtensibilityGlobals) = postSolution
		SolutionGuid = {C6F1F3D1-0A2F-4075-A424-372FAC7A0235}
	EndGlobalSection
EndGlobal
